
Microsoft Visual Studio Solution File, Format Version 12.00
# Visual Studio Version 16
VisualStudioVersion = 16.0.31424.327
MinimumVisualStudioVersion = 10.0.40219.1
Project("{FAE04EC0-301F-11D3-BF4B-00C04F79EFBC}") = "PortalGroupAssesment", "PortalGroupAssesment\PortalGroupAssesment.csproj", "{197CB7E9-1704-4452-98C7-28032207DAF2}"
EndProject
Global
	GlobalSection(SolutionConfigurationPlatforms) = preSolution
		Debug|Any CPU = Debug|Any CPU
		Release|Any CPU = Release|Any CPU
	EndGlobalSection
	GlobalSection(ProjectConfigurationPlatforms) = postSolution
		{197CB7E9-1704-4452-98C7-28032207DAF2}.Debug|Any CPU.ActiveCfg = Debug|Any CPU
		{197CB7E9-1704-4452-98C7-28032207DAF2}.Debug|Any CPU.Build.0 = Debug|Any CPU
		{197CB7E9-1704-4452-98C7-28032207DAF2}.Release|Any CPU.ActiveCfg = Release|Any CPU
		{197CB7E9-1704-4452-98C7-28032207DAF2}.Release|Any CPU.Build.0 = Release|Any CPU
	EndGlobalSection
	GlobalSection(SolutionProperties) = preSolution
		HideSolutionNode = FALSE
	EndGlobalSection
	GlobalSection(ExtensibilityGlobals) = postSolution
		SolutionGuid = {625433ED-6A3D-4942-B95A-07FDF92D669B}
	EndGlobalSection
EndGlobal
